
Microsoft Visual Studio Solution File, Format Version 12.00
# Visual Studio Version 17
VisualStudioVersion = 17.10.35013.160
MinimumVisualStudioVersion = 10.0.40219.1
Project("{FAE04EC0-301F-11D3-BF4B-00C04F79EFBC}") = "Strategy Pattern", "Strategy Pattern.csproj", "{960D4FA8-357F-492E-A57B-1F611DBA0352}"
EndProject
Global
	GlobalSection(SolutionConfigurationPlatforms) = preSolution
		Debug|Any CPU = Debug|Any CPU
		Release|Any CPU = Release|Any CPU
	EndGlobalSection
	GlobalSection(ProjectConfigurationPlatforms) = postSolution
		{960D4FA8-357F-492E-A57B-1F611DBA0352}.Debug|Any CPU.ActiveCfg = Debug|Any CPU
		{960D4FA8-357F-492E-A57B-1F611DBA0352}.Debug|Any CPU.Build.0 = Debug|Any CPU
		{960D4FA8-357F-492E-A57B-1F611DBA0352}.Release|Any CPU.ActiveCfg = Release|Any CPU
		{960D4FA8-357F-492E-A57B-1F611DBA0352}.Release|Any CPU.Build.0 = Release|Any CPU
	EndGlobalSection
	GlobalSection(SolutionProperties) = preSolution
		HideSolutionNode = FALSE
	EndGlobalSection
	GlobalSection(ExtensibilityGlobals) = postSolution
		SolutionGuid = {69CAFF0F-798D-409A-9FB4-C73A78D22EC0}
	EndGlobalSection
EndGlobal
