
Microsoft Visual Studio Solution File, Format Version 12.00
# Visual Studio Version 17
VisualStudioVersion = 17.10.35013.160
MinimumVisualStudioVersion = 10.0.40219.1
Project("{FAE04EC0-301F-11D3-BF4B-00C04F79EFBC}") = "Observer Pattern", "Observer Pattern.csproj", "{81A97DC4-4A40-4071-B871-C2448C51ABF7}"
EndProject
Global
	GlobalSection(SolutionConfigurationPlatforms) = preSolution
		Debug|Any CPU = Debug|Any CPU
		Release|Any CPU = Release|Any CPU
	EndGlobalSection
	GlobalSection(ProjectConfigurationPlatforms) = postSolution
		{81A97DC4-4A40-4071-B871-C2448C51ABF7}.Debug|Any CPU.ActiveCfg = Debug|Any CPU
		{81A97DC4-4A40-4071-B871-C2448C51ABF7}.Debug|Any CPU.Build.0 = Debug|Any CPU
		{81A97DC4-4A40-4071-B871-C2448C51ABF7}.Release|Any CPU.ActiveCfg = Release|Any CPU
		{81A97DC4-4A40-4071-B871-C2448C51ABF7}.Release|Any CPU.Build.0 = Release|Any CPU
	EndGlobalSection
	GlobalSection(SolutionProperties) = preSolution
		HideSolutionNode = FALSE
	EndGlobalSection
	GlobalSection(ExtensibilityGlobals) = postSolution
		SolutionGuid = {C3BFBD24-06E5-444F-813C-CE33221D5DAC}
	EndGlobalSection
EndGlobal
