
Microsoft Visual Studio Solution File, Format Version 12.00
# Visual Studio Version 17
VisualStudioVersion = 17.10.35013.160
MinimumVisualStudioVersion = 10.0.40219.1
Project("{FAE04EC0-301F-11D3-BF4B-00C04F79EFBC}") = "Template Pattern", "Template Pattern.csproj", "{4496D79A-3766-434E-A396-141896591C7C}"
EndProject
Global
	GlobalSection(SolutionConfigurationPlatforms) = preSolution
		Debug|Any CPU = Debug|Any CPU
		Release|Any CPU = Release|Any CPU
	EndGlobalSection
	GlobalSection(ProjectConfigurationPlatforms) = postSolution
		{4496D79A-3766-434E-A396-141896591C7C}.Debug|Any CPU.ActiveCfg = Debug|Any CPU
		{4496D79A-3766-434E-A396-141896591C7C}.Debug|Any CPU.Build.0 = Debug|Any CPU
		{4496D79A-3766-434E-A396-141896591C7C}.Release|Any CPU.ActiveCfg = Release|Any CPU
		{4496D79A-3766-434E-A396-141896591C7C}.Release|Any CPU.Build.0 = Release|Any CPU
	EndGlobalSection
	GlobalSection(SolutionProperties) = preSolution
		HideSolutionNode = FALSE
	EndGlobalSection
	GlobalSection(ExtensibilityGlobals) = postSolution
		SolutionGuid = {FB9314E2-B737-4BC1-8AAF-11882419A904}
	EndGlobalSection
EndGlobal
