
Microsoft Visual Studio Solution File, Format Version 12.00
# Visual Studio Version 17
VisualStudioVersion = 17.10.35013.160
MinimumVisualStudioVersion = 10.0.40219.1
Project("{FAE04EC0-301F-11D3-BF4B-00C04F79EFBC}") = "Singleton Pattern", "Singleton Pattern.csproj", "{3D6E7E4F-5AC8-4C88-BDC3-68524FE4E204}"
EndProject
Global
	GlobalSection(SolutionConfigurationPlatforms) = preSolution
		Debug|Any CPU = Debug|Any CPU
		Release|Any CPU = Release|Any CPU
	EndGlobalSection
	GlobalSection(ProjectConfigurationPlatforms) = postSolution
		{3D6E7E4F-5AC8-4C88-BDC3-68524FE4E204}.Debug|Any CPU.ActiveCfg = Debug|Any CPU
		{3D6E7E4F-5AC8-4C88-BDC3-68524FE4E204}.Debug|Any CPU.Build.0 = Debug|Any CPU
		{3D6E7E4F-5AC8-4C88-BDC3-68524FE4E204}.Release|Any CPU.ActiveCfg = Release|Any CPU
		{3D6E7E4F-5AC8-4C88-BDC3-68524FE4E204}.Release|Any CPU.Build.0 = Release|Any CPU
	EndGlobalSection
	GlobalSection(SolutionProperties) = preSolution
		HideSolutionNode = FALSE
	EndGlobalSection
	GlobalSection(ExtensibilityGlobals) = postSolution
		SolutionGuid = {3888E92D-917D-45E3-BF59-46C2CB31B92A}
	EndGlobalSection
EndGlobal
